
Microsoft Visual Studio Solution File, Format Version 12.00
# Visual Studio Version 17
VisualStudioVersion = 17.7.34018.315
MinimumVisualStudioVersion = 10.0.40219.1
Project("{9A19103F-16F7-4668-BE54-9A1E7A4F7556}") = "MariyaCompany", "MariyaCompany\MariyaCompany.csproj", "{BD14518D-6797-440F-9C87-D6811ABCF05A}"
EndProject
Project("{9A19103F-16F7-4668-BE54-9A1E7A4F7556}") = "MariyaCompany.Application", "MariyaCompany.Application\MariyaCompany.Application.csproj", "{D66C5631-9E45-4AE1-916B-B0E9CAB94AD7}"
EndProject
Project("{9A19103F-16F7-4668-BE54-9A1E7A4F7556}") = "MariyaCompany.Database", "MariyaCompany.Database\MariyaCompany.Database.csproj", "{D0D5EECF-D0DA-419D-A808-E3575AD25093}"
EndProject
Project("{54A90642-561A-4BB1-A94E-469ADEE60C69}") = "angularapp", "Site\mariyacompany.web\angularapp.esproj", "{C5C0DDD0-1080-47F3-BA30-51264FA20B37}"
EndProject
Global
	GlobalSection(SolutionConfigurationPlatforms) = preSolution
		Debug|Any CPU = Debug|Any CPU
		Release|Any CPU = Release|Any CPU
	EndGlobalSection
	GlobalSection(ProjectConfigurationPlatforms) = postSolution
		{BD14518D-6797-440F-9C87-D6811ABCF05A}.Debug|Any CPU.ActiveCfg = Debug|Any CPU
		{BD14518D-6797-440F-9C87-D6811ABCF05A}.Debug|Any CPU.Build.0 = Debug|Any CPU
		{BD14518D-6797-440F-9C87-D6811ABCF05A}.Release|Any CPU.ActiveCfg = Release|Any CPU
		{BD14518D-6797-440F-9C87-D6811ABCF05A}.Release|Any CPU.Build.0 = Release|Any CPU
		{D66C5631-9E45-4AE1-916B-B0E9CAB94AD7}.Debug|Any CPU.ActiveCfg = Debug|Any CPU
		{D66C5631-9E45-4AE1-916B-B0E9CAB94AD7}.Debug|Any CPU.Build.0 = Debug|Any CPU
		{D66C5631-9E45-4AE1-916B-B0E9CAB94AD7}.Release|Any CPU.ActiveCfg = Release|Any CPU
		{D66C5631-9E45-4AE1-916B-B0E9CAB94AD7}.Release|Any CPU.Build.0 = Release|Any CPU
		{D0D5EECF-D0DA-419D-A808-E3575AD25093}.Debug|Any CPU.ActiveCfg = Debug|Any CPU
		{D0D5EECF-D0DA-419D-A808-E3575AD25093}.Debug|Any CPU.Build.0 = Debug|Any CPU
		{D0D5EECF-D0DA-419D-A808-E3575AD25093}.Release|Any CPU.ActiveCfg = Release|Any CPU
		{D0D5EECF-D0DA-419D-A808-E3575AD25093}.Release|Any CPU.Build.0 = Release|Any CPU
		{C5C0DDD0-1080-47F3-BA30-51264FA20B37}.Debug|Any CPU.ActiveCfg = Debug|Any CPU
		{C5C0DDD0-1080-47F3-BA30-51264FA20B37}.Debug|Any CPU.Build.0 = Debug|Any CPU
		{C5C0DDD0-1080-47F3-BA30-51264FA20B37}.Debug|Any CPU.Deploy.0 = Debug|Any CPU
		{C5C0DDD0-1080-47F3-BA30-51264FA20B37}.Release|Any CPU.ActiveCfg = Release|Any CPU
		{C5C0DDD0-1080-47F3-BA30-51264FA20B37}.Release|Any CPU.Build.0 = Release|Any CPU
		{C5C0DDD0-1080-47F3-BA30-51264FA20B37}.Release|Any CPU.Deploy.0 = Release|Any CPU
	EndGlobalSection
	GlobalSection(SolutionProperties) = preSolution
		HideSolutionNode = FALSE
	EndGlobalSection
	GlobalSection(ExtensibilityGlobals) = postSolution
		SolutionGuid = {8B9449DF-5077-4AB5-B105-C5CE317B3B67}
	EndGlobalSection
EndGlobal
